// !$*UTF8*$!
{
	archiveVersion = 1;
	classes = {
	};
	objectVersion = 50;
	objects = {

/* Begin PBXBuildFile section */
		89157F7B20D20CE600299CB6 /* Renderable.swift in Sources */ = {isa = PBXBuildFile; fileRef = 89157F7A20D20CE600299CB6 /* Renderable.swift */; };
		8924FDE220D7781500D52908 /* Types.swift in Sources */ = {isa = PBXBuildFile; fileRef = 8924FDE120D7781500D52908 /* Types.swift */; };
		89267CDD20D742780024085C /* OBSDViewController.swift in Sources */ = {isa = PBXBuildFile; fileRef = 89267CDC20D742780024085C /* OBSDViewController.swift */; };
		89B34CA020D2F20F00873A28 /* Texturable.swift in Sources */ = {isa = PBXBuildFile; fileRef = 89B34C9F20D2F20F00873A28 /* Texturable.swift */; };
		89B384EA20D78AB700FAEDE4 /* Node.swift in Sources */ = {isa = PBXBuildFile; fileRef = 89B384E920D78AB700FAEDE4 /* Node.swift */; };
		89B384EC20D78E3600FAEDE4 /* Camera.swift in Sources */ = {isa = PBXBuildFile; fileRef = 89B384EB20D78E3600FAEDE4 /* Camera.swift */; };
		89B384F020D7926400FAEDE4 /* Scene.swift in Sources */ = {isa = PBXBuildFile; fileRef = 89B384EF20D7926400FAEDE4 /* Scene.swift */; };
		89B384F220D7B9E600FAEDE4 /* MatrixMath.swift in Sources */ = {isa = PBXBuildFile; fileRef = 89B384F120D7B9E600FAEDE4 /* MatrixMath.swift */; };
		89B384F420D7C31E00FAEDE4 /* Model.swift in Sources */ = {isa = PBXBuildFile; fileRef = 89B384F320D7C31E00FAEDE4 /* Model.swift */; };
		89FFCAB520CC799900C6DB28 /* ObsidianEngine.h in Headers */ = {isa = PBXBuildFile; fileRef = 89FFCAB320CC799900C6DB28 /* ObsidianEngine.h */; settings = {ATTRIBUTES = (Public, ); }; };
		89FFCABD20CC79B500C6DB28 /* Shaders.metal in Sources */ = {isa = PBXBuildFile; fileRef = 89FFCABC20CC79B500C6DB28 /* Shaders.metal */; };
		89FFCAC420CC7A0800C6DB28 /* Shapes.swift in Sources */ = {isa = PBXBuildFile; fileRef = 89FFCAC320CC7A0800C6DB28 /* Shapes.swift */; };
		89FFCAC620CC7A1B00C6DB28 /* Renderer.swift in Sources */ = {isa = PBXBuildFile; fileRef = 89FFCAC520CC7A1B00C6DB28 /* Renderer.swift */; };
		89FFCAF220CC7EEE00C6DB28 /* MetalKit.framework in Frameworks */ = {isa = PBXBuildFile; fileRef = 89FFCAF120CC7EEE00C6DB28 /* MetalKit.framework */; };
		DF3347C32240D3AF00632BCB /* Composition.metal in Sources */ = {isa = PBXBuildFile; fileRef = DF3347C22240D3AF00632BCB /* Composition.metal */; };
		DF38B59820DD907800E86E82 /* Types.h in Headers */ = {isa = PBXBuildFile; fileRef = DF38B59620DD8D6400E86E82 /* Types.h */; settings = {ATTRIBUTES = (Public, ); }; };
		DF4402B0223C737000D5A7E3 /* Transform.swift in Sources */ = {isa = PBXBuildFile; fileRef = DF4402AF223C737000D5A7E3 /* Transform.swift */; };
		DF4402CB223C8F7B00D5A7E3 /* Morph.swift in Sources */ = {isa = PBXBuildFile; fileRef = DF4402CA223C8F7B00D5A7E3 /* Morph.swift */; };
		DF4402CD223C9C6F00D5A7E3 /* Morph.metal in Sources */ = {isa = PBXBuildFile; fileRef = DF4402CC223C9C6F00D5A7E3 /* Morph.metal */; };
		DF44030B223DCA7F00D5A7E3 /* Terrain.swift in Sources */ = {isa = PBXBuildFile; fileRef = DF44030A223DCA7F00D5A7E3 /* Terrain.swift */; };
		DF44030D223E01F900D5A7E3 /* Terrain.metal in Sources */ = {isa = PBXBuildFile; fileRef = DF44030C223E01F900D5A7E3 /* Terrain.metal */; };
		DF89FBEB223F6A7F004BE73B /* Shadow.metal in Sources */ = {isa = PBXBuildFile; fileRef = DF89FBEA223F6A7F004BE73B /* Shadow.metal */; };
		DFA06EC2222F020800631585 /* Skybox.swift in Sources */ = {isa = PBXBuildFile; fileRef = DFA06EC1222F020800631585 /* Skybox.swift */; };
		DFA06EC422309A5A00631585 /* Skybox.metal in Sources */ = {isa = PBXBuildFile; fileRef = DFA06EC322309A5A00631585 /* Skybox.metal */; };
		DFA06ED02230CD7D00631585 /* IBL.metal in Sources */ = {isa = PBXBuildFile; fileRef = DFA06ECF2230CD7D00631585 /* IBL.metal */; };
		DFA06EE12230F57300631585 /* BRDF.metal in Sources */ = {isa = PBXBuildFile; fileRef = DFA06EDF2230F57300631585 /* BRDF.metal */; };
		DFA06EE22230F57300631585 /* RendererBRDF.swift in Sources */ = {isa = PBXBuildFile; fileRef = DFA06EE02230F57300631585 /* RendererBRDF.swift */; };
		DFD6842122473AC400A78E9F /* OBSDWater.swift in Sources */ = {isa = PBXBuildFile; fileRef = DFD6842022473AC400A78E9F /* OBSDWater.swift */; };
		DFD6842322473EB600A78E9F /* Water.metal in Sources */ = {isa = PBXBuildFile; fileRef = DFD6842222473EB600A78E9F /* Water.metal */; };
		DFD684272247449100A78E9F /* RenderPass.swift in Sources */ = {isa = PBXBuildFile; fileRef = DFD684262247449100A78E9F /* RenderPass.swift */; };
		DFD6842922477BF400A78E9F /* normal-water.png in Resources */ = {isa = PBXBuildFile; fileRef = DFD6842822477BF400A78E9F /* normal-water.png */; };
		DFEA65BD20E5D64300F3C8A0 /* Submesh.swift in Sources */ = {isa = PBXBuildFile; fileRef = DFEA65BC20E5D64300F3C8A0 /* Submesh.swift */; };
		DFEAD89B224848EA00703436 /* ocean.png in Resources */ = {isa = PBXBuildFile; fileRef = DFEAD89A224848E900703436 /* ocean.png */; };
		DFEAD89D224849DE00703436 /* ocean2.png in Resources */ = {isa = PBXBuildFile; fileRef = DFEAD89C224849DE00703436 /* ocean2.png */; };
		DFEAD89F22484A9700703436 /* ocean3.png in Resources */ = {isa = PBXBuildFile; fileRef = DFEAD89E22484A9700703436 /* ocean3.png */; };
		DFEF7BA0223FDCD6006711DE /* Gbuffer.metal in Sources */ = {isa = PBXBuildFile; fileRef = DFEF7B9F223FDCD6006711DE /* Gbuffer.metal */; };
/* End PBXBuildFile section */

/* Begin PBXFileReference section */
		89157F7A20D20CE600299CB6 /* Renderable.swift */ = {isa = PBXFileReference; lastKnownFileType = sourcecode.swift; path = Renderable.swift; sourceTree = "<group>"; };
		8924FDE120D7781500D52908 /* Types.swift */ = {isa = PBXFileReference; lastKnownFileType = sourcecode.swift; path = Types.swift; sourceTree = "<group>"; };
		89267CDC20D742780024085C /* OBSDViewController.swift */ = {isa = PBXFileReference; lastKnownFileType = sourcecode.swift; path = OBSDViewController.swift; sourceTree = "<group>"; };
		89B34C9F20D2F20F00873A28 /* Texturable.swift */ = {isa = PBXFileReference; lastKnownFileType = sourcecode.swift; path = Texturable.swift; sourceTree = "<group>"; };
		89B384E920D78AB700FAEDE4 /* Node.swift */ = {isa = PBXFileReference; lastKnownFileType = sourcecode.swift; path = Node.swift; sourceTree = "<group>"; };
		89B384EB20D78E3600FAEDE4 /* Camera.swift */ = {isa = PBXFileReference; lastKnownFileType = sourcecode.swift; path = Camera.swift; sourceTree = "<group>"; };
		89B384EF20D7926400FAEDE4 /* Scene.swift */ = {isa = PBXFileReference; lastKnownFileType = sourcecode.swift; path = Scene.swift; sourceTree = "<group>"; };
		89B384F120D7B9E600FAEDE4 /* MatrixMath.swift */ = {isa = PBXFileReference; fileEncoding = 4; lastKnownFileType = sourcecode.swift; path = MatrixMath.swift; sourceTree = "<group>"; };
		89B384F320D7C31E00FAEDE4 /* Model.swift */ = {isa = PBXFileReference; lastKnownFileType = sourcecode.swift; path = Model.swift; sourceTree = "<group>"; };
		89FFCAB020CC799900C6DB28 /* ObsidianEngine.framework */ = {isa = PBXFileReference; explicitFileType = wrapper.framework; includeInIndex = 0; path = ObsidianEngine.framework; sourceTree = BUILT_PRODUCTS_DIR; };
		89FFCAB320CC799900C6DB28 /* ObsidianEngine.h */ = {isa = PBXFileReference; lastKnownFileType = sourcecode.c.h; path = ObsidianEngine.h; sourceTree = "<group>"; };
		89FFCAB420CC799900C6DB28 /* Info.plist */ = {isa = PBXFileReference; lastKnownFileType = text.plist.xml; path = Info.plist; sourceTree = "<group>"; };
		89FFCABC20CC79B500C6DB28 /* Shaders.metal */ = {isa = PBXFileReference; lastKnownFileType = sourcecode.metal; path = Shaders.metal; sourceTree = "<group>"; };
		89FFCAC320CC7A0800C6DB28 /* Shapes.swift */ = {isa = PBXFileReference; lastKnownFileType = sourcecode.swift; path = Shapes.swift; sourceTree = "<group>"; };
		89FFCAC520CC7A1B00C6DB28 /* Renderer.swift */ = {isa = PBXFileReference; lastKnownFileType = sourcecode.swift; path = Renderer.swift; sourceTree = "<group>"; };
		89FFCAF120CC7EEE00C6DB28 /* MetalKit.framework */ = {isa = PBXFileReference; lastKnownFileType = wrapper.framework; name = MetalKit.framework; path = System/Library/Frameworks/MetalKit.framework; sourceTree = SDKROOT; };
		DF3347C22240D3AF00632BCB /* Composition.metal */ = {isa = PBXFileReference; lastKnownFileType = sourcecode.metal; path = Composition.metal; sourceTree = "<group>"; };
		DF38B59620DD8D6400E86E82 /* Types.h */ = {isa = PBXFileReference; lastKnownFileType = sourcecode.c.h; path = Types.h; sourceTree = "<group>"; };
		DF4402AF223C737000D5A7E3 /* Transform.swift */ = {isa = PBXFileReference; lastKnownFileType = sourcecode.swift; path = Transform.swift; sourceTree = "<group>"; };
		DF4402CA223C8F7B00D5A7E3 /* Morph.swift */ = {isa = PBXFileReference; lastKnownFileType = sourcecode.swift; path = Morph.swift; sourceTree = "<group>"; };
		DF4402CC223C9C6F00D5A7E3 /* Morph.metal */ = {isa = PBXFileReference; lastKnownFileType = sourcecode.metal; path = Morph.metal; sourceTree = "<group>"; };
		DF44030A223DCA7F00D5A7E3 /* Terrain.swift */ = {isa = PBXFileReference; lastKnownFileType = sourcecode.swift; path = Terrain.swift; sourceTree = "<group>"; };
		DF44030C223E01F900D5A7E3 /* Terrain.metal */ = {isa = PBXFileReference; lastKnownFileType = sourcecode.metal; path = Terrain.metal; sourceTree = "<group>"; };
		DF89FBEA223F6A7F004BE73B /* Shadow.metal */ = {isa = PBXFileReference; lastKnownFileType = sourcecode.metal; path = Shadow.metal; sourceTree = "<group>"; };
		DFA06EC1222F020800631585 /* Skybox.swift */ = {isa = PBXFileReference; lastKnownFileType = sourcecode.swift; path = Skybox.swift; sourceTree = "<group>"; };
		DFA06EC322309A5A00631585 /* Skybox.metal */ = {isa = PBXFileReference; lastKnownFileType = sourcecode.metal; path = Skybox.metal; sourceTree = "<group>"; };
		DFA06ECF2230CD7D00631585 /* IBL.metal */ = {isa = PBXFileReference; fileEncoding = 4; lastKnownFileType = sourcecode.metal; path = IBL.metal; sourceTree = "<group>"; };
		DFA06EDF2230F57300631585 /* BRDF.metal */ = {isa = PBXFileReference; fileEncoding = 4; lastKnownFileType = sourcecode.metal; path = BRDF.metal; sourceTree = "<group>"; };
		DFA06EE02230F57300631585 /* RendererBRDF.swift */ = {isa = PBXFileReference; fileEncoding = 4; lastKnownFileType = sourcecode.swift; path = RendererBRDF.swift; sourceTree = "<group>"; };
		DFD6842022473AC400A78E9F /* OBSDWater.swift */ = {isa = PBXFileReference; lastKnownFileType = sourcecode.swift; path = OBSDWater.swift; sourceTree = "<group>"; };
		DFD6842222473EB600A78E9F /* Water.metal */ = {isa = PBXFileReference; lastKnownFileType = sourcecode.metal; path = Water.metal; sourceTree = "<group>"; };
		DFD684262247449100A78E9F /* RenderPass.swift */ = {isa = PBXFileReference; fileEncoding = 4; lastKnownFileType = sourcecode.swift; path = RenderPass.swift; sourceTree = "<group>"; };
		DFD6842822477BF400A78E9F /* normal-water.png */ = {isa = PBXFileReference; lastKnownFileType = image.png; path = "normal-water.png"; sourceTree = "<group>"; };
		DFEA65BC20E5D64300F3C8A0 /* Submesh.swift */ = {isa = PBXFileReference; lastKnownFileType = sourcecode.swift; path = Submesh.swift; sourceTree = "<group>"; };
		DFEAD89A224848E900703436 /* ocean.png */ = {isa = PBXFileReference; lastKnownFileType = image.png; path = ocean.png; sourceTree = "<group>"; };
		DFEAD89C224849DE00703436 /* ocean2.png */ = {isa = PBXFileReference; lastKnownFileType = image.png; path = ocean2.png; sourceTree = "<group>"; };
		DFEAD89E22484A9700703436 /* ocean3.png */ = {isa = PBXFileReference; lastKnownFileType = image.png; path = ocean3.png; sourceTree = "<group>"; };
		DFEF7B9F223FDCD6006711DE /* Gbuffer.metal */ = {isa = PBXFileReference; lastKnownFileType = sourcecode.metal; path = Gbuffer.metal; sourceTree = "<group>"; };
/* End PBXFileReference section */

/* Begin PBXFrameworksBuildPhase section */
		89FFCAAD20CC799900C6DB28 /* Frameworks */ = {
			isa = PBXFrameworksBuildPhase;
			buildActionMask = 2147483647;
			files = (
				89FFCAF220CC7EEE00C6DB28 /* MetalKit.framework in Frameworks */,
			);
			runOnlyForDeploymentPostprocessing = 0;
		};
/* End PBXFrameworksBuildPhase section */

/* Begin PBXGroup section */
		89B3850620D8B80000FAEDE4 /* Scene */ = {
			isa = PBXGroup;
			children = (
				89B384EF20D7926400FAEDE4 /* Scene.swift */,
				89B384EB20D78E3600FAEDE4 /* Camera.swift */,
			);
			path = Scene;
			sourceTree = "<group>";
		};
		89B3850720D8B81400FAEDE4 /* Primitive */ = {
			isa = PBXGroup;
			children = (
				89FFCAC320CC7A0800C6DB28 /* Shapes.swift */,
			);
			path = Primitive;
			sourceTree = "<group>";
		};
		89B3850820D8B83700FAEDE4 /* Model */ = {
			isa = PBXGroup;
			children = (
				89B384F320D7C31E00FAEDE4 /* Model.swift */,
				DFEA65BC20E5D64300F3C8A0 /* Submesh.swift */,
				DF4402CA223C8F7B00D5A7E3 /* Morph.swift */,
			);
			path = Model;
			sourceTree = "<group>";
		};
		89B3850920D8B85500FAEDE4 /* Render */ = {
			isa = PBXGroup;
			children = (
				89FFCAC520CC7A1B00C6DB28 /* Renderer.swift */,
				DFD684262247449100A78E9F /* RenderPass.swift */,
				89157F7A20D20CE600299CB6 /* Renderable.swift */,
				89B34C9F20D2F20F00873A28 /* Texturable.swift */,
			);
			path = Render;
			sourceTree = "<group>";
		};
		89B3850A20D8B86200FAEDE4 /* UI */ = {
			isa = PBXGroup;
			children = (
				89267CDC20D742780024085C /* OBSDViewController.swift */,
			);
			path = UI;
			sourceTree = "<group>";
		};
		89B9B13620CE20FF005B7C72 /* Nodes */ = {
			isa = PBXGroup;
			children = (
				89B3850820D8B83700FAEDE4 /* Model */,
				89B3850720D8B81400FAEDE4 /* Primitive */,
				89B3850620D8B80000FAEDE4 /* Scene */,
				89B384E920D78AB700FAEDE4 /* Node.swift */,
			);
			path = Nodes;
			sourceTree = "<group>";
		};
		89FFCAA620CC799900C6DB28 = {
			isa = PBXGroup;
			children = (
				89FFCAB220CC799900C6DB28 /* ObsidianEngine */,
				89FFCAB120CC799900C6DB28 /* Products */,
				89FFCAF020CC7EEE00C6DB28 /* Frameworks */,
			);
			sourceTree = "<group>";
		};
		89FFCAB120CC799900C6DB28 /* Products */ = {
			isa = PBXGroup;
			children = (
				89FFCAB020CC799900C6DB28 /* ObsidianEngine.framework */,
			);
			name = Products;
			sourceTree = "<group>";
		};
		89FFCAB220CC799900C6DB28 /* ObsidianEngine */ = {
			isa = PBXGroup;
			children = (
				DF440309223DCA7400D5A7E3 /* Terrain */,
				DFA06EC0222F01EC00631585 /* Environment */,
				89B9B13620CE20FF005B7C72 /* Nodes */,
				89FFCAC220CC79FE00C6DB28 /* Graphics */,
				89FFCABE20CC79CC00C6DB28 /* Math_&_Utility */,
				89FFCAB320CC799900C6DB28 /* ObsidianEngine.h */,
				89FFCAB420CC799900C6DB28 /* Info.plist */,
			);
			path = ObsidianEngine;
			sourceTree = "<group>";
		};
		89FFCABB20CC79A600C6DB28 /* Shaders */ = {
			isa = PBXGroup;
			children = (
				DF38B59620DD8D6400E86E82 /* Types.h */,
				89FFCABC20CC79B500C6DB28 /* Shaders.metal */,
				DFA06ECF2230CD7D00631585 /* IBL.metal */,
				DF4402CC223C9C6F00D5A7E3 /* Morph.metal */,
				DF89FBEA223F6A7F004BE73B /* Shadow.metal */,
				DFEF7B9F223FDCD6006711DE /* Gbuffer.metal */,
				DF3347C22240D3AF00632BCB /* Composition.metal */,
			);
			path = Shaders;
			sourceTree = "<group>";
		};
		89FFCABE20CC79CC00C6DB28 /* Math_&_Utility */ = {
			isa = PBXGroup;
			children = (
				DFA06EDF2230F57300631585 /* BRDF.metal */,
				DFA06EE02230F57300631585 /* RendererBRDF.swift */,
				8924FDE120D7781500D52908 /* Types.swift */,
				89B384F120D7B9E600FAEDE4 /* MatrixMath.swift */,
				DF4402AF223C737000D5A7E3 /* Transform.swift */,
			);
			path = "Math_&_Utility";
			sourceTree = "<group>";
		};
		89FFCAC220CC79FE00C6DB28 /* Graphics */ = {
			isa = PBXGroup;
			children = (
				89FFCABB20CC79A600C6DB28 /* Shaders */,
				89B3850A20D8B86200FAEDE4 /* UI */,
				89B3850920D8B85500FAEDE4 /* Render */,
			);
			path = Graphics;
			sourceTree = "<group>";
		};
		89FFCAF020CC7EEE00C6DB28 /* Frameworks */ = {
			isa = PBXGroup;
			children = (
				89FFCAF120CC7EEE00C6DB28 /* MetalKit.framework */,
			);
			name = Frameworks;
			sourceTree = "<group>";
		};
		DF440309223DCA7400D5A7E3 /* Terrain */ = {
			isa = PBXGroup;
			children = (
				DF44030A223DCA7F00D5A7E3 /* Terrain.swift */,
				DF44030C223E01F900D5A7E3 /* Terrain.metal */,
			);
			path = Terrain;
			sourceTree = "<group>";
		};
		DFA06EC0222F01EC00631585 /* Environment */ = {
			isa = PBXGroup;
			children = (
				DFA06EC322309A5A00631585 /* Skybox.metal */,
				DFA06EC1222F020800631585 /* Skybox.swift */,
				DFD6842222473EB600A78E9F /* Water.metal */,
				DFD6842022473AC400A78E9F /* OBSDWater.swift */,
				DFD6842822477BF400A78E9F /* normal-water.png */,
				DFEAD89A224848E900703436 /* ocean.png */,
				DFEAD89C224849DE00703436 /* ocean2.png */,
				DFEAD89E22484A9700703436 /* ocean3.png */,
			);
			path = Environment;
			sourceTree = "<group>";
		};
/* End PBXGroup section */

/* Begin PBXHeadersBuildPhase section */
		89FFCAAB20CC799900C6DB28 /* Headers */ = {
			isa = PBXHeadersBuildPhase;
			buildActionMask = 2147483647;
			files = (
				DF38B59820DD907800E86E82 /* Types.h in Headers */,
				89FFCAB520CC799900C6DB28 /* ObsidianEngine.h in Headers */,
			);
			runOnlyForDeploymentPostprocessing = 0;
		};
/* End PBXHeadersBuildPhase section */

/* Begin PBXNativeTarget section */
		89FFCAAF20CC799900C6DB28 /* ObsidianEngine */ = {
			isa = PBXNativeTarget;
			buildConfigurationList = 89FFCAB820CC799900C6DB28 /* Build configuration list for PBXNativeTarget "ObsidianEngine" */;
			buildPhases = (
				89FFCAAB20CC799900C6DB28 /* Headers */,
				89FFCAAC20CC799900C6DB28 /* Sources */,
				89FFCAAD20CC799900C6DB28 /* Frameworks */,
				89FFCAAE20CC799900C6DB28 /* Resources */,
			);
			buildRules = (
			);
			dependencies = (
			);
			name = ObsidianEngine;
			productName = ObsidianEngine;
			productReference = 89FFCAB020CC799900C6DB28 /* ObsidianEngine.framework */;
			productType = "com.apple.product-type.framework";
		};
/* End PBXNativeTarget section */

/* Begin PBXProject section */
		89FFCAA720CC799900C6DB28 /* Project object */ = {
			isa = PBXProject;
			attributes = {
				KnownAssetTags = (
					New,
				);
				LastUpgradeCheck = 1000;
				ORGANIZATIONNAME = Gellert;
				TargetAttributes = {
					89FFCAAF20CC799900C6DB28 = {
						CreatedOnToolsVersion = 10.0;
						LastSwiftMigration = 1000;
					};
				};
			};
			buildConfigurationList = 89FFCAAA20CC799900C6DB28 /* Build configuration list for PBXProject "ObsidianEngine" */;
			compatibilityVersion = "Xcode 9.3";
			developmentRegion = en;
			hasScannedForEncodings = 0;
			knownRegions = (
				en,
			);
			mainGroup = 89FFCAA620CC799900C6DB28;
			productRefGroup = 89FFCAB120CC799900C6DB28 /* Products */;
			projectDirPath = "";
			projectRoot = "";
			targets = (
				89FFCAAF20CC799900C6DB28 /* ObsidianEngine */,
			);
		};
/* End PBXProject section */

/* Begin PBXResourcesBuildPhase section */
		89FFCAAE20CC799900C6DB28 /* Resources */ = {
			isa = PBXResourcesBuildPhase;
			buildActionMask = 2147483647;
			files = (
				DFEAD89B224848EA00703436 /* ocean.png in Resources */,
				DFD6842922477BF400A78E9F /* normal-water.png in Resources */,
				DFEAD89F22484A9700703436 /* ocean3.png in Resources */,
				DFEAD89D224849DE00703436 /* ocean2.png in Resources */,
			);
			runOnlyForDeploymentPostprocessing = 0;
		};
/* End PBXResourcesBuildPhase section */

/* Begin PBXSourcesBuildPhase section */
		89FFCAAC20CC799900C6DB28 /* Sources */ = {
			isa = PBXSourcesBuildPhase;
			buildActionMask = 2147483647;
			files = (
				89B384F020D7926400FAEDE4 /* Scene.swift in Sources */,
				89B384F220D7B9E600FAEDE4 /* MatrixMath.swift in Sources */,
				DF3347C32240D3AF00632BCB /* Composition.metal in Sources */,
				DFD684272247449100A78E9F /* RenderPass.swift in Sources */,
				DFD6842122473AC400A78E9F /* OBSDWater.swift in Sources */,
				DF4402B0223C737000D5A7E3 /* Transform.swift in Sources */,
				89FFCABD20CC79B500C6DB28 /* Shaders.metal in Sources */,
				89267CDD20D742780024085C /* OBSDViewController.swift in Sources */,
				8924FDE220D7781500D52908 /* Types.swift in Sources */,
				DF4402CD223C9C6F00D5A7E3 /* Morph.metal in Sources */,
				DFEF7BA0223FDCD6006711DE /* Gbuffer.metal in Sources */,
				DFA06EC422309A5A00631585 /* Skybox.metal in Sources */,
				89157F7B20D20CE600299CB6 /* Renderable.swift in Sources */,
				89B384EA20D78AB700FAEDE4 /* Node.swift in Sources */,
				DFA06EC2222F020800631585 /* Skybox.swift in Sources */,
				89B384F420D7C31E00FAEDE4 /* Model.swift in Sources */,
				89B34CA020D2F20F00873A28 /* Texturable.swift in Sources */,
				DF4402CB223C8F7B00D5A7E3 /* Morph.swift in Sources */,
				DFA06ED02230CD7D00631585 /* IBL.metal in Sources */,
				DF44030D223E01F900D5A7E3 /* Terrain.metal in Sources */,
				DFEA65BD20E5D64300F3C8A0 /* Submesh.swift in Sources */,
				DFA06EE12230F57300631585 /* BRDF.metal in Sources */,
				89FFCAC620CC7A1B00C6DB28 /* Renderer.swift in Sources */,
				DF89FBEB223F6A7F004BE73B /* Shadow.metal in Sources */,
				DFD6842322473EB600A78E9F /* Water.metal in Sources */,
				89FFCAC420CC7A0800C6DB28 /* Shapes.swift in Sources */,
				DFA06EE22230F57300631585 /* RendererBRDF.swift in Sources */,
				89B384EC20D78E3600FAEDE4 /* Camera.swift in Sources */,
				DF44030B223DCA7F00D5A7E3 /* Terrain.swift in Sources */,
			);
			runOnlyForDeploymentPostprocessing = 0;
		};
/* End PBXSourcesBuildPhase section */

/* Begin XCBuildConfiguration section */
		89FFCAB620CC799900C6DB28 /* Debug */ = {
			isa = XCBuildConfiguration;
			buildSettings = {
				ALWAYS_SEARCH_USER_PATHS = NO;
				CLANG_ANALYZER_NONNULL = YES;
				CLANG_ANALYZER_NUMBER_OBJECT_CONVERSION = YES_AGGRESSIVE;
				CLANG_CXX_LANGUAGE_STANDARD = "gnu++14";
				CLANG_CXX_LIBRARY = "libc++";
				CLANG_ENABLE_MODULES = YES;
				CLANG_ENABLE_OBJC_ARC = YES;
				CLANG_ENABLE_OBJC_WEAK = YES;
				CLANG_WARN_BLOCK_CAPTURE_AUTORELEASING = YES;
				CLANG_WARN_BOOL_CONVERSION = YES;
				CLANG_WARN_COMMA = YES;
				CLANG_WARN_CONSTANT_CONVERSION = YES;
				CLANG_WARN_DEPRECATED_OBJC_IMPLEMENTATIONS = YES;
				CLANG_WARN_DIRECT_OBJC_ISA_USAGE = YES_ERROR;
				CLANG_WARN_DOCUMENTATION_COMMENTS = YES;
				CLANG_WARN_EMPTY_BODY = YES;
				CLANG_WARN_ENUM_CONVERSION = YES;
				CLANG_WARN_INFINITE_RECURSION = YES;
				CLANG_WARN_INT_CONVERSION = YES;
				CLANG_WARN_NON_LITERAL_NULL_CONVERSION = YES;
				CLANG_WARN_OBJC_IMPLICIT_RETAIN_SELF = YES;
				CLANG_WARN_OBJC_LITERAL_CONVERSION = YES;
				CLANG_WARN_OBJC_ROOT_CLASS = YES_ERROR;
				CLANG_WARN_RANGE_LOOP_ANALYSIS = YES;
				CLANG_WARN_STRICT_PROTOTYPES = YES;
				CLANG_WARN_SUSPICIOUS_MOVE = YES;
				CLANG_WARN_UNGUARDED_AVAILABILITY = YES_AGGRESSIVE;
				CLANG_WARN_UNREACHABLE_CODE = YES;
				CLANG_WARN__DUPLICATE_METHOD_MATCH = YES;
				CODE_SIGN_IDENTITY = "iPhone Developer";
				COPY_PHASE_STRIP = NO;
				CURRENT_PROJECT_VERSION = 1;
				DEBUG_INFORMATION_FORMAT = dwarf;
				ENABLE_STRICT_OBJC_MSGSEND = YES;
				ENABLE_TESTABILITY = YES;
				GCC_C_LANGUAGE_STANDARD = gnu11;
				GCC_DYNAMIC_NO_PIC = NO;
				GCC_NO_COMMON_BLOCKS = YES;
				GCC_OPTIMIZATION_LEVEL = 0;
				GCC_PREPROCESSOR_DEFINITIONS = (
					"DEBUG=1",
					"$(inherited)",
				);
				GCC_WARN_64_TO_32_BIT_CONVERSION = YES;
				GCC_WARN_ABOUT_RETURN_TYPE = YES_ERROR;
				GCC_WARN_UNDECLARED_SELECTOR = YES;
				GCC_WARN_UNINITIALIZED_AUTOS = YES_AGGRESSIVE;
				GCC_WARN_UNUSED_FUNCTION = YES;
				GCC_WARN_UNUSED_VARIABLE = YES;
				IPHONEOS_DEPLOYMENT_TARGET = 10.0;
				MTL_ENABLE_DEBUG_INFO = INCLUDE_SOURCE;
				ONLY_ACTIVE_ARCH = YES;
				SDKROOT = iphoneos;
				SWIFT_ACTIVE_COMPILATION_CONDITIONS = DEBUG;
				SWIFT_OPTIMIZATION_LEVEL = "-Onone";
				VERSIONING_SYSTEM = "apple-generic";
				VERSION_INFO_PREFIX = "";
			};
			name = Debug;
		};
		89FFCAB720CC799900C6DB28 /* Release */ = {
			isa = XCBuildConfiguration;
			buildSettings = {
				ALWAYS_SEARCH_USER_PATHS = NO;
				CLANG_ANALYZER_NONNULL = YES;
				CLANG_ANALYZER_NUMBER_OBJECT_CONVERSION = YES_AGGRESSIVE;
				CLANG_CXX_LANGUAGE_STANDARD = "gnu++14";
				CLANG_CXX_LIBRARY = "libc++";
				CLANG_ENABLE_MODULES = YES;
				CLANG_ENABLE_OBJC_ARC = YES;
				CLANG_ENABLE_OBJC_WEAK = YES;
				CLANG_WARN_BLOCK_CAPTURE_AUTORELEASING = YES;
				CLANG_WARN_BOOL_CONVERSION = YES;
				CLANG_WARN_COMMA = YES;
				CLANG_WARN_CONSTANT_CONVERSION = YES;
				CLANG_WARN_DEPRECATED_OBJC_IMPLEMENTATIONS = YES;
				CLANG_WARN_DIRECT_OBJC_ISA_USAGE = YES_ERROR;
				CLANG_WARN_DOCUMENTATION_COMMENTS = YES;
				CLANG_WARN_EMPTY_BODY = YES;
				CLANG_WARN_ENUM_CONVERSION = YES;
				CLANG_WARN_INFINITE_RECURSION = YES;
				CLANG_WARN_INT_CONVERSION = YES;
				CLANG_WARN_NON_LITERAL_NULL_CONVERSION = YES;
				CLANG_WARN_OBJC_IMPLICIT_RETAIN_SELF = YES;
				CLANG_WARN_OBJC_LITERAL_CONVERSION = YES;
				CLANG_WARN_OBJC_ROOT_CLASS = YES_ERROR;
				CLANG_WARN_RANGE_LOOP_ANALYSIS = YES;
				CLANG_WARN_STRICT_PROTOTYPES = YES;
				CLANG_WARN_SUSPICIOUS_MOVE = YES;
				CLANG_WARN_UNGUARDED_AVAILABILITY = YES_AGGRESSIVE;
				CLANG_WARN_UNREACHABLE_CODE = YES;
				CLANG_WARN__DUPLICATE_METHOD_MATCH = YES;
				CODE_SIGN_IDENTITY = "iPhone Developer";
				COPY_PHASE_STRIP = NO;
				CURRENT_PROJECT_VERSION = 1;
				DEBUG_INFORMATION_FORMAT = "dwarf-with-dsym";
				ENABLE_NS_ASSERTIONS = NO;
				ENABLE_STRICT_OBJC_MSGSEND = YES;
				GCC_C_LANGUAGE_STANDARD = gnu11;
				GCC_NO_COMMON_BLOCKS = YES;
				GCC_WARN_64_TO_32_BIT_CONVERSION = YES;
				GCC_WARN_ABOUT_RETURN_TYPE = YES_ERROR;
				GCC_WARN_UNDECLARED_SELECTOR = YES;
				GCC_WARN_UNINITIALIZED_AUTOS = YES_AGGRESSIVE;
				GCC_WARN_UNUSED_FUNCTION = YES;
				GCC_WARN_UNUSED_VARIABLE = YES;
				IPHONEOS_DEPLOYMENT_TARGET = 10.0;
				MTL_ENABLE_DEBUG_INFO = NO;
				SDKROOT = iphoneos;
				SWIFT_COMPILATION_MODE = wholemodule;
				SWIFT_OPTIMIZATION_LEVEL = "-O";
				VALIDATE_PRODUCT = YES;
				VERSIONING_SYSTEM = "apple-generic";
				VERSION_INFO_PREFIX = "";
			};
			name = Release;
		};
		89FFCAB920CC799900C6DB28 /* Debug */ = {
			isa = XCBuildConfiguration;
			buildSettings = {
				CLANG_ENABLE_MODULES = YES;
				CODE_SIGN_IDENTITY = "";
				CODE_SIGN_STYLE = Automatic;
				DEFINES_MODULE = YES;
				DEVELOPMENT_TEAM = XS2QV44L5G;
				DYLIB_COMPATIBILITY_VERSION = 1;
				DYLIB_CURRENT_VERSION = 1;
				DYLIB_INSTALL_NAME_BASE = "@rpath";
				INFOPLIST_FILE = ObsidianEngine/Info.plist;
				INSTALL_PATH = "$(LOCAL_LIBRARY_DIR)/Frameworks";
				IPHONEOS_DEPLOYMENT_TARGET = 10.0;
				LD_RUNPATH_SEARCH_PATHS = (
					"$(inherited)",
					"@executable_path/Frameworks",
					"@loader_path/Frameworks",
				);
				PRODUCT_BUNDLE_IDENTIFIER = com.gellert.ObsidianEngine;
				PRODUCT_NAME = "$(TARGET_NAME:c99extidentifier)";
				SKIP_INSTALL = YES;
				SWIFT_OBJC_BRIDGING_HEADER = "";
				SWIFT_OPTIMIZATION_LEVEL = "-Onone";
				SWIFT_VERSION = 4.2;
				TARGETED_DEVICE_FAMILY = "1,2";
			};
			name = Debug;
		};
		89FFCABA20CC799900C6DB28 /* Release */ = {
			isa = XCBuildConfiguration;
			buildSettings = {
				CLANG_ENABLE_MODULES = YES;
				CODE_SIGN_IDENTITY = "";
				CODE_SIGN_STYLE = Automatic;
				DEFINES_MODULE = YES;
				DEVELOPMENT_TEAM = XS2QV44L5G;
				DYLIB_COMPATIBILITY_VERSION = 1;
				DYLIB_CURRENT_VERSION = 1;
				DYLIB_INSTALL_NAME_BASE = "@rpath";
				INFOPLIST_FILE = ObsidianEngine/Info.plist;
				INSTALL_PATH = "$(LOCAL_LIBRARY_DIR)/Frameworks";
				IPHONEOS_DEPLOYMENT_TARGET = 10.0;
				LD_RUNPATH_SEARCH_PATHS = (
					"$(inherited)",
					"@executable_path/Frameworks",
					"@loader_path/Frameworks",
				);
				PRODUCT_BUNDLE_IDENTIFIER = com.gellert.ObsidianEngine;
				PRODUCT_NAME = "$(TARGET_NAME:c99extidentifier)";
				SKIP_INSTALL = YES;
				SWIFT_OBJC_BRIDGING_HEADER = "";
				SWIFT_VERSION = 4.2;
				TARGETED_DEVICE_FAMILY = "1,2";
			};
			name = Release;
		};
/* End XCBuildConfiguration section */

/* Begin XCConfigurationList section */
		89FFCAAA20CC799900C6DB28 /* Build configuration list for PBXProject "ObsidianEngine" */ = {
			isa = XCConfigurationList;
			buildConfigurations = (
				89FFCAB620CC799900C6DB28 /* Debug */,
				89FFCAB720CC799900C6DB28 /* Release */,
			);
			defaultConfigurationIsVisible = 0;
			defaultConfigurationName = Release;
		};
		89FFCAB820CC799900C6DB28 /* Build configuration list for PBXNativeTarget "ObsidianEngine" */ = {
			isa = XCConfigurationList;
			buildConfigurations = (
				89FFCAB920CC799900C6DB28 /* Debug */,
				89FFCABA20CC799900C6DB28 /* Release */,
			);
			defaultConfigurationIsVisible = 0;
			defaultConfigurationName = Release;
		};
/* End XCConfigurationList section */
	};
	rootObject = 89FFCAA720CC799900C6DB28 /* Project object */;
}
